{
  "name": "student-performance-system",
  "lockfileVersion": 3,
  "requires": true,
  "packages": {
    "": {
      "dependencies": {
        "bcrypt": "^6.0.0",
        "express-validator": "^7.3.1"
      }
    },
    "node_modules/bcrypt": {
      "version": "6.0.0",
      "resolved": "https://registry.npmjs.org/bcrypt/-/bcrypt-6.0.0.tgz",
      "integrity": "sha512-cU8v/EGSrnH+HnxV2z0J7/blxH8gq7Xh2JFT6Aroax7UohdmiJJlxApMxtKfuI7z68NvvVcmR78k2LbT6efhRg==",
      "hasInstallScript": true,
      "license": "MIT",
      "dependencies": {
        "node-addon-api": "^8.3.0",
        "node-gyp-build": "^4.8.4"
      },
      "engines": {
        "node": ">= 18"
      }
    },
    "node_modules/express-validator": {
      "version": "7.3.1",
      "resolved": "https://registry.npmjs.org/express-validator/-/express-validator-7.3.1.tgz",
      "integrity": "sha512-IGenaSf+DnWc69lKuqlRE9/i/2t5/16VpH5bXoqdxWz1aCpRvEdrBuu1y95i/iL5QP8ZYVATiwLFhwk3EDl5vg==",
      "license": "MIT",
      "dependencies": {
        "lodash": "^4.17.21",
        "validator": "~13.15.23"
      },
      "engines": {
        "node": ">= 8.0.0"
      }
    },
    "node_modules/lodash": {
      "version": "4.17.23",
      "resolved": "https://registry.npmjs.org/lodash/-/lodash-4.17.23.tgz",
      "integrity": "sha512-LgVTMpQtIopCi79SJeDiP0TfWi5CNEc/L/aRdTh3yIvmZXTnheWpKjSZhnvMl8iXbC1tFg9gdHHDMLoV7CnG+w==",
      "license": "MIT"
    },
    "node_modules/node-addon-api": {
      "version": "8.6.0",
      "resolved": "https://registry.npmjs.org/node-addon-api/-/node-addon-api-8.6.0.tgz",
      "integrity": "sha512-gBVjCaqDlRUk0EwoPNKzIr9KkS9041G/q31IBShPs1Xz6UTA+EXdZADbzqAJQrpDRq71CIMnOP5VMut3SL0z5Q==",
      "license": "MIT",
      "engines": {
        "node": "^18 || ^20 || >= 21"
      }
    },
    "node_modules/node-gyp-build": {
      "version": "4.8.4",
      "resolved": "https://registry.npmjs.org/node-gyp-build/-/node-gyp-build-4.8.4.tgz",
      "integrity": "sha512-LA4ZjwlnUblHVgq0oBF3Jl/6h/Nvs5fzBLwdEF4nuxnFdsfajde4WfxtJr3CaiH+F6ewcIB/q4jQ4UzPyid+CQ==",
      "license": "MIT",
      "bin": {
        "node-gyp-build": "bin.js",
        "node-gyp-build-optional": "optional.js",
        "node-gyp-build-test": "build-test.js"
      }
    },
    "node_modules/validator": {
      "version": "13.15.26",
      "resolved": "https://registry.npmjs.org/validator/-/validator-13.15.26.tgz",
      "integrity": "sha512-spH26xU080ydGggxRyR1Yhcbgx+j3y5jbNXk/8L+iRvdIEQ4uTRH2Sgf2dokud6Q4oAtsbNvJ1Ft+9xmm6IZcA==",
      "license": "MIT",
      "engines": {
        "node": ">= 0.10"
      }
    }
  }
}
